// !$*UTF8*$!
{
	archiveVersion = 1;
	classes = {
	};
	objectVersion = 50;
	objects = {

/* Begin PBXBuildFile section */
		A51463EC22486B3A007DBFF1 /* AppDelegate.swift in Sources */ = {isa = PBXBuildFile; fileRef = A51463EB22486B3A007DBFF1 /* AppDelegate.swift */; };
		A51463EE22486B3A007DBFF1 /* ViewController.swift in Sources */ = {isa = PBXBuildFile; fileRef = A51463ED22486B3A007DBFF1 /* ViewController.swift */; };
		A51463F122486B3A007DBFF1 /* Main.storyboard in Resources */ = {isa = PBXBuildFile; fileRef = A51463EF22486B3A007DBFF1 /* Main.storyboard */; };
		A51463F322486B3B007DBFF1 /* Assets.xcassets in Resources */ = {isa = PBXBuildFile; fileRef = A51463F222486B3B007DBFF1 /* Assets.xcassets */; };
		A51463F622486B3B007DBFF1 /* LaunchScreen.storyboard in Resources */ = {isa = PBXBuildFile; fileRef = A51463F422486B3B007DBFF1 /* LaunchScreen.storyboard */; };
		A514640122486B3B007DBFF1 /* TabBarTests.swift in Sources */ = {isa = PBXBuildFile; fileRef = A514640022486B3B007DBFF1 /* TabBarTests.swift */; };
		A514640C22486B3B007DBFF1 /* TabBarUITests.swift in Sources */ = {isa = PBXBuildFile; fileRef = A514640B22486B3B007DBFF1 /* TabBarUITests.swift */; };
		A5146420224878D9007DBFF1 /* ScreenOneViewController.swift in Sources */ = {isa = PBXBuildFile; fileRef = A514641F224878D9007DBFF1 /* ScreenOneViewController.swift */; };
		A514642222487926007DBFF1 /* ScreenTwoViewController.swift in Sources */ = {isa = PBXBuildFile; fileRef = A514642122487926007DBFF1 /* ScreenTwoViewController.swift */; };
/* End PBXBuildFile section */

/* Begin PBXContainerItemProxy section */
		A51463FD22486B3B007DBFF1 /* PBXContainerItemProxy */ = {
			isa = PBXContainerItemProxy;
			containerPortal = A51463E022486B3A007DBFF1 /* Project object */;
			proxyType = 1;
			remoteGlobalIDString = A51463E722486B3A007DBFF1;
			remoteInfo = TabBar;
		};
		A514640822486B3B007DBFF1 /* PBXContainerItemProxy */ = {
			isa = PBXContainerItemProxy;
			containerPortal = A51463E022486B3A007DBFF1 /* Project object */;
			proxyType = 1;
			remoteGlobalIDString = A51463E722486B3A007DBFF1;
			remoteInfo = TabBar;
		};
/* End PBXContainerItemProxy section */

/* Begin PBXFileReference section */
		A51463E822486B3A007DBFF1 /* TabBar.app */ = {isa = PBXFileReference; explicitFileType = wrapper.application; includeInIndex = 0; path = TabBar.app; sourceTree = BUILT_PRODUCTS_DIR; };
		A51463EB22486B3A007DBFF1 /* AppDelegate.swift */ = {isa = PBXFileReference; lastKnownFileType = sourcecode.swift; path = AppDelegate.swift; sourceTree = "<group>"; };
		A51463ED22486B3A007DBFF1 /* ViewController.swift */ = {isa = PBXFileReference; lastKnownFileType = sourcecode.swift; path = ViewController.swift; sourceTree = "<group>"; };
		A51463F022486B3A007DBFF1 /* Base */ = {isa = PBXFileReference; lastKnownFileType = file.storyboard; name = Base; path = Base.lproj/Main.storyboard; sourceTree = "<group>"; };
		A51463F222486B3B007DBFF1 /* Assets.xcassets */ = {isa = PBXFileReference; lastKnownFileType = folder.assetcatalog; path = Assets.xcassets; sourceTree = "<group>"; };
		A51463F522486B3B007DBFF1 /* Base */ = {isa = PBXFileReference; lastKnownFileType = file.storyboard; name = Base; path = Base.lproj/LaunchScreen.storyboard; sourceTree = "<group>"; };
		A51463F722486B3B007DBFF1 /* Info.plist */ = {isa = PBXFileReference; lastKnownFileType = text.plist.xml; path = Info.plist; sourceTree = "<group>"; };
		A51463FC22486B3B007DBFF1 /* TabBarTests.xctest */ = {isa = PBXFileReference; explicitFileType = wrapper.cfbundle; includeInIndex = 0; path = TabBarTests.xctest; sourceTree = BUILT_PRODUCTS_DIR; };
		A514640022486B3B007DBFF1 /* TabBarTests.swift */ = {isa = PBXFileReference; lastKnownFileType = sourcecode.swift; path = TabBarTests.swift; sourceTree = "<group>"; };
		A514640222486B3B007DBFF1 /* Info.plist */ = {isa = PBXFileReference; lastKnownFileType = text.plist.xml; path = Info.plist; sourceTree = "<group>"; };
		A514640722486B3B007DBFF1 /* TabBarUITests.xctest */ = {isa = PBXFileReference; explicitFileType = wrapper.cfbundle; includeInIndex = 0; path = TabBarUITests.xctest; sourceTree = BUILT_PRODUCTS_DIR; };
		A514640B22486B3B007DBFF1 /* TabBarUITests.swift */ = {isa = PBXFileReference; lastKnownFileType = sourcecode.swift; path = TabBarUITests.swift; sourceTree = "<group>"; };
		A514640D22486B3B007DBFF1 /* Info.plist */ = {isa = PBXFileReference; lastKnownFileType = text.plist.xml; path = Info.plist; sourceTree = "<group>"; };
		A514641F224878D9007DBFF1 /* ScreenOneViewController.swift */ = {isa = PBXFileReference; lastKnownFileType = sourcecode.swift; path = ScreenOneViewController.swift; sourceTree = "<group>"; };
		A514642122487926007DBFF1 /* ScreenTwoViewController.swift */ = {isa = PBXFileReference; lastKnownFileType = sourcecode.swift; path = ScreenTwoViewController.swift; sourceTree = "<group>"; };
/* End PBXFileReference section */

/* Begin PBXFrameworksBuildPhase section */
		A51463E522486B3A007DBFF1 /* Frameworks */ = {
			isa = PBXFrameworksBuildPhase;
			buildActionMask = 2147483647;
			files = (
			);
			runOnlyForDeploymentPostprocessing = 0;
		};
		A51463F922486B3B007DBFF1 /* Frameworks */ = {
			isa = PBXFrameworksBuildPhase;
			buildActionMask = 2147483647;
			files = (
			);
			runOnlyForDeploymentPostprocessing = 0;
		};
		A514640422486B3B007DBFF1 /* Frameworks */ = {
			isa = PBXFrameworksBuildPhase;
			buildActionMask = 2147483647;
			files = (
			);
			runOnlyForDeploymentPostprocessing = 0;
		};
/* End PBXFrameworksBuildPhase section */

/* Begin PBXGroup section */
		A51463DF22486B3A007DBFF1 = {
			isa = PBXGroup;
			children = (
				A51463EA22486B3A007DBFF1 /* TabBar */,
				A51463FF22486B3B007DBFF1 /* TabBarTests */,
				A514640A22486B3B007DBFF1 /* TabBarUITests */,
				A51463E922486B3A007DBFF1 /* Products */,
			);
			sourceTree = "<group>";
		};
		A51463E922486B3A007DBFF1 /* Products */ = {
			isa = PBXGroup;
			children = (
				A51463E822486B3A007DBFF1 /* TabBar.app */,
				A51463FC22486B3B007DBFF1 /* TabBarTests.xctest */,
				A514640722486B3B007DBFF1 /* TabBarUITests.xctest */,
			);
			name = Products;
			sourceTree = "<group>";
		};
		A51463EA22486B3A007DBFF1 /* TabBar */ = {
			isa = PBXGroup;
			children = (
				A51463EB22486B3A007DBFF1 /* AppDelegate.swift */,
				A51463ED22486B3A007DBFF1 /* ViewController.swift */,
				A514641F224878D9007DBFF1 /* ScreenOneViewController.swift */,
				A514642122487926007DBFF1 /* ScreenTwoViewController.swift */,
				A51463EF22486B3A007DBFF1 /* Main.storyboard */,
				A51463F222486B3B007DBFF1 /* Assets.xcassets */,
				A51463F422486B3B007DBFF1 /* LaunchScreen.storyboard */,
				A51463F722486B3B007DBFF1 /* Info.plist */,
			);
			path = TabBar;
			sourceTree = "<group>";
		};
		A51463FF22486B3B007DBFF1 /* TabBarTests */ = {
			isa = PBXGroup;
			children = (
				A514640022486B3B007DBFF1 /* TabBarTests.swift */,
				A514640222486B3B007DBFF1 /* Info.plist */,
			);
			path = TabBarTests;
			sourceTree = "<group>";
		};
		A514640A22486B3B007DBFF1 /* TabBarUITests */ = {
			isa = PBXGroup;
			children = (
				A514640B22486B3B007DBFF1 /* TabBarUITests.swift */,
				A514640D22486B3B007DBFF1 /* Info.plist */,
			);
			path = TabBarUITests;
			sourceTree = "<group>";
		};
/* End PBXGroup section */

/* Begin PBXNativeTarget section */
		A51463E722486B3A007DBFF1 /* TabBar */ = {
			isa = PBXNativeTarget;
			buildConfigurationList = A514641022486B3B007DBFF1 /* Build configuration list for PBXNativeTarget "TabBar" */;
			buildPhases = (
				A51463E422486B3A007DBFF1 /* Sources */,
				A51463E522486B3A007DBFF1 /* Frameworks */,
				A51463E622486B3A007DBFF1 /* Resources */,
			);
			buildRules = (
			);
			dependencies = (
			);
			name = TabBar;
			productName = TabBar;
			productReference = A51463E822486B3A007DBFF1 /* TabBar.app */;
			productType = "com.apple.product-type.application";
		};
		A51463FB22486B3B007DBFF1 /* TabBarTests */ = {
			isa = PBXNativeTarget;
			buildConfigurationList = A514641322486B3B007DBFF1 /* Build configuration list for PBXNativeTarget "TabBarTests" */;
			buildPhases = (
				A51463F822486B3B007DBFF1 /* Sources */,
				A51463F922486B3B007DBFF1 /* Frameworks */,
				A51463FA22486B3B007DBFF1 /* Resources */,
			);
			buildRules = (
			);
			dependencies = (
				A51463FE22486B3B007DBFF1 /* PBXTargetDependency */,
			);
			name = TabBarTests;
			productName = TabBarTests;
			productReference = A51463FC22486B3B007DBFF1 /* TabBarTests.xctest */;
			productType = "com.apple.product-type.bundle.unit-test";
		};
		A514640622486B3B007DBFF1 /* TabBarUITests */ = {
			isa = PBXNativeTarget;
			buildConfigurationList = A514641622486B3B007DBFF1 /* Build configuration list for PBXNativeTarget "TabBarUITests" */;
			buildPhases = (
				A514640322486B3B007DBFF1 /* Sources */,
				A514640422486B3B007DBFF1 /* Frameworks */,
				A514640522486B3B007DBFF1 /* Resources */,
			);
			buildRules = (
			);
			dependencies = (
				A514640922486B3B007DBFF1 /* PBXTargetDependency */,
			);
			name = TabBarUITests;
			productName = TabBarUITests;
			productReference = A514640722486B3B007DBFF1 /* TabBarUITests.xctest */;
			productType = "com.apple.product-type.bundle.ui-testing";
		};
/* End PBXNativeTarget section */

/* Begin PBXProject section */
		A51463E022486B3A007DBFF1 /* Project object */ = {
			isa = PBXProject;
			attributes = {
				LastSwiftUpdateCheck = 1010;
				LastUpgradeCheck = 1010;
				ORGANIZATIONNAME = "Ben Rovik";
				TargetAttributes = {
					A51463E722486B3A007DBFF1 = {
						CreatedOnToolsVersion = 10.1;
					};
					A51463FB22486B3B007DBFF1 = {
						CreatedOnToolsVersion = 10.1;
						TestTargetID = A51463E722486B3A007DBFF1;
					};
					A514640622486B3B007DBFF1 = {
						CreatedOnToolsVersion = 10.1;
						TestTargetID = A51463E722486B3A007DBFF1;
					};
				};
			};
			buildConfigurationList = A51463E322486B3A007DBFF1 /* Build configuration list for PBXProject "TabBar" */;
			compatibilityVersion = "Xcode 9.3";
			developmentRegion = en;
			hasScannedForEncodings = 0;
			knownRegions = (
				en,
				Base,
			);
			mainGroup = A51463DF22486B3A007DBFF1;
			productRefGroup = A51463E922486B3A007DBFF1 /* Products */;
			projectDirPath = "";
			projectRoot = "";
			targets = (
				A51463E722486B3A007DBFF1 /* TabBar */,
				A51463FB22486B3B007DBFF1 /* TabBarTests */,
				A514640622486B3B007DBFF1 /* TabBarUITests */,
			);
		};
/* End PBXProject section */

/* Begin PBXResourcesBuildPhase section */
		A51463E622486B3A007DBFF1 /* Resources */ = {
			isa = PBXResourcesBuildPhase;
			buildActionMask = 2147483647;
			files = (
				A51463F622486B3B007DBFF1 /* LaunchScreen.storyboard in Resources */,
				A51463F322486B3B007DBFF1 /* Assets.xcassets in Resources */,
				A51463F122486B3A007DBFF1 /* Main.storyboard in Resources */,
			);
			runOnlyForDeploymentPostprocessing = 0;
		};
		A51463FA22486B3B007DBFF1 /* Resources */ = {
			isa = PBXResourcesBuildPhase;
			buildActionMask = 2147483647;
			files = (
			);
			runOnlyForDeploymentPostprocessing = 0;
		};
		A514640522486B3B007DBFF1 /* Resources */ = {
			isa = PBXResourcesBuildPhase;
			buildActionMask = 2147483647;
			files = (
			);
			runOnlyForDeploymentPostprocessing = 0;
		};
/* End PBXResourcesBuildPhase section */

/* Begin PBXSourcesBuildPhase section */
		A51463E422486B3A007DBFF1 /* Sources */ = {
			isa = PBXSourcesBuildPhase;
			buildActionMask = 2147483647;
			files = (
				A51463EE22486B3A007DBFF1 /* ViewController.swift in Sources */,
				A514642222487926007DBFF1 /* ScreenTwoViewController.swift in Sources */,
				A5146420224878D9007DBFF1 /* ScreenOneViewController.swift in Sources */,
				A51463EC22486B3A007DBFF1 /* AppDelegate.swift in Sources */,
			);
			runOnlyForDeploymentPostprocessing = 0;
		};
		A51463F822486B3B007DBFF1 /* Sources */ = {
			isa = PBXSourcesBuildPhase;
			buildActionMask = 2147483647;
			files = (
				A514640122486B3B007DBFF1 /* TabBarTests.swift in Sources */,
			);
			runOnlyForDeploymentPostprocessing = 0;
		};
		A514640322486B3B007DBFF1 /* Sources */ = {
			isa = PBXSourcesBuildPhase;
			buildActionMask = 2147483647;
			files = (
				A514640C22486B3B007DBFF1 /* TabBarUITests.swift in Sources */,
			);
			runOnlyForDeploymentPostprocessing = 0;
		};
/* End PBXSourcesBuildPhase section */

/* Begin PBXTargetDependency section */
		A51463FE22486B3B007DBFF1 /* PBXTargetDependency */ = {
			isa = PBXTargetDependency;
			target = A51463E722486B3A007DBFF1 /* TabBar */;
			targetProxy = A51463FD22486B3B007DBFF1 /* PBXContainerItemProxy */;
		};
		A514640922486B3B007DBFF1 /* PBXTargetDependency */ = {
			isa = PBXTargetDependency;
			target = A51463E722486B3A007DBFF1 /* TabBar */;
			targetProxy = A514640822486B3B007DBFF1 /* PBXContainerItemProxy */;
		};
/* End PBXTargetDependency section */

/* Begin PBXVariantGroup section */
		A51463EF22486B3A007DBFF1 /* Main.storyboard */ = {
			isa = PBXVariantGroup;
			children = (
				A51463F022486B3A007DBFF1 /* Base */,
			);
			name = Main.storyboard;
			sourceTree = "<group>";
		};
		A51463F422486B3B007DBFF1 /* LaunchScreen.storyboard */ = {
			isa = PBXVariantGroup;
			children = (
				A51463F522486B3B007DBFF1 /* Base */,
			);
			name = LaunchScreen.storyboard;
			sourceTree = "<group>";
		};
/* End PBXVariantGroup section */

/* Begin XCBuildConfiguration section */
		A514640E22486B3B007DBFF1 /* Debug */ = {
			isa = XCBuildConfiguration;
			buildSettings = {
				ALWAYS_SEARCH_USER_PATHS = NO;
				CLANG_ANALYZER_NONNULL = YES;
				CLANG_ANALYZER_NUMBER_OBJECT_CONVERSION = YES_AGGRESSIVE;
				CLANG_CXX_LANGUAGE_STANDARD = "gnu++14";
				CLANG_CXX_LIBRARY = "libc++";
				CLANG_ENABLE_MODULES = YES;
				CLANG_ENABLE_OBJC_ARC = YES;
				CLANG_ENABLE_OBJC_WEAK = YES;
				CLANG_WARN_BLOCK_CAPTURE_AUTORELEASING = YES;
				CLANG_WARN_BOOL_CONVERSION = YES;
				CLANG_WARN_COMMA = YES;
				CLANG_WARN_CONSTANT_CONVERSION = YES;
				CLANG_WARN_DEPRECATED_OBJC_IMPLEMENTATIONS = YES;
				CLANG_WARN_DIRECT_OBJC_ISA_USAGE = YES_ERROR;
				CLANG_WARN_DOCUMENTATION_COMMENTS = YES;
				CLANG_WARN_EMPTY_BODY = YES;
				CLANG_WARN_ENUM_CONVERSION = YES;
				CLANG_WARN_INFINITE_RECURSION = YES;
				CLANG_WARN_INT_CONVERSION = YES;
				CLANG_WARN_NON_LITERAL_NULL_CONVERSION = YES;
				CLANG_WARN_OBJC_IMPLICIT_RETAIN_SELF = YES;
				CLANG_WARN_OBJC_LITERAL_CONVERSION = YES;
				CLANG_WARN_OBJC_ROOT_CLASS = YES_ERROR;
				CLANG_WARN_RANGE_LOOP_ANALYSIS = YES;
				CLANG_WARN_STRICT_PROTOTYPES = YES;
				CLANG_WARN_SUSPICIOUS_MOVE = YES;
				CLANG_WARN_UNGUARDED_AVAILABILITY = YES_AGGRESSIVE;
				CLANG_WARN_UNREACHABLE_CODE = YES;
				CLANG_WARN__DUPLICATE_METHOD_MATCH = YES;
				CODE_SIGN_IDENTITY = "iPhone Developer";
				COPY_PHASE_STRIP = NO;
				DEBUG_INFORMATION_FORMAT = dwarf;
				ENABLE_STRICT_OBJC_MSGSEND = YES;
				ENABLE_TESTABILITY = YES;
				GCC_C_LANGUAGE_STANDARD = gnu11;
				GCC_DYNAMIC_NO_PIC = NO;
				GCC_NO_COMMON_BLOCKS = YES;
				GCC_OPTIMIZATION_LEVEL = 0;
				GCC_PREPROCESSOR_DEFINITIONS = (
					"DEBUG=1",
					"$(inherited)",
				);
				GCC_WARN_64_TO_32_BIT_CONVERSION = YES;
				GCC_WARN_ABOUT_RETURN_TYPE = YES_ERROR;
				GCC_WARN_UNDECLARED_SELECTOR = YES;
				GCC_WARN_UNINITIALIZED_AUTOS = YES_AGGRESSIVE;
				GCC_WARN_UNUSED_FUNCTION = YES;
				GCC_WARN_UNUSED_VARIABLE = YES;
				IPHONEOS_DEPLOYMENT_TARGET = 12.1;
				MTL_ENABLE_DEBUG_INFO = INCLUDE_SOURCE;
				MTL_FAST_MATH = YES;
				ONLY_ACTIVE_ARCH = YES;
				SDKROOT = iphoneos;
				SWIFT_ACTIVE_COMPILATION_CONDITIONS = DEBUG;
				SWIFT_OPTIMIZATION_LEVEL = "-Onone";
			};
			name = Debug;
		};
		A514640F22486B3B007DBFF1 /* Release */ = {
			isa = XCBuildConfiguration;
			buildSettings = {
				ALWAYS_SEARCH_USER_PATHS = NO;
				CLANG_ANALYZER_NONNULL = YES;
				CLANG_ANALYZER_NUMBER_OBJECT_CONVERSION = YES_AGGRESSIVE;
				CLANG_CXX_LANGUAGE_STANDARD = "gnu++14";
				CLANG_CXX_LIBRARY = "libc++";
				CLANG_ENABLE_MODULES = YES;
				CLANG_ENABLE_OBJC_ARC = YES;
				CLANG_ENABLE_OBJC_WEAK = YES;
				CLANG_WARN_BLOCK_CAPTURE_AUTORELEASING = YES;
				CLANG_WARN_BOOL_CONVERSION = YES;
				CLANG_WARN_COMMA = YES;
				CLANG_WARN_CONSTANT_CONVERSION = YES;
				CLANG_WARN_DEPRECATED_OBJC_IMPLEMENTATIONS = YES;
				CLANG_WARN_DIRECT_OBJC_ISA_USAGE = YES_ERROR;
				CLANG_WARN_DOCUMENTATION_COMMENTS = YES;
				CLANG_WARN_EMPTY_BODY = YES;
				CLANG_WARN_ENUM_CONVERSION = YES;
				CLANG_WARN_INFINITE_RECURSION = YES;
				CLANG_WARN_INT_CONVERSION = YES;
				CLANG_WARN_NON_LITERAL_NULL_CONVERSION = YES;
				CLANG_WARN_OBJC_IMPLICIT_RETAIN_SELF = YES;
				CLANG_WARN_OBJC_LITERAL_CONVERSION = YES;
				CLANG_WARN_OBJC_ROOT_CLASS = YES_ERROR;
				CLANG_WARN_RANGE_LOOP_ANALYSIS = YES;
				CLANG_WARN_STRICT_PROTOTYPES = YES;
				CLANG_WARN_SUSPICIOUS_MOVE = YES;
				CLANG_WARN_UNGUARDED_AVAILABILITY = YES_AGGRESSIVE;
				CLANG_WARN_UNREACHABLE_CODE = YES;
				CLANG_WARN__DUPLICATE_METHOD_MATCH = YES;
				CODE_SIGN_IDENTITY = "iPhone Developer";
				COPY_PHASE_STRIP = NO;
				DEBUG_INFORMATION_FORMAT = "dwarf-with-dsym";
				ENABLE_NS_ASSERTIONS = NO;
				ENABLE_STRICT_OBJC_MSGSEND = YES;
				GCC_C_LANGUAGE_STANDARD = gnu11;
				GCC_NO_COMMON_BLOCKS = YES;
				GCC_WARN_64_TO_32_BIT_CONVERSION = YES;
				GCC_WARN_ABOUT_RETURN_TYPE = YES_ERROR;
				GCC_WARN_UNDECLARED_SELECTOR = YES;
				GCC_WARN_UNINITIALIZED_AUTOS = YES_AGGRESSIVE;
				GCC_WARN_UNUSED_FUNCTION = YES;
				GCC_WARN_UNUSED_VARIABLE = YES;
				IPHONEOS_DEPLOYMENT_TARGET = 12.1;
				MTL_ENABLE_DEBUG_INFO = NO;
				MTL_FAST_MATH = YES;
				SDKROOT = iphoneos;
				SWIFT_COMPILATION_MODE = wholemodule;
				SWIFT_OPTIMIZATION_LEVEL = "-O";
				VALIDATE_PRODUCT = YES;
			};
			name = Release;
		};
		A514641122486B3B007DBFF1 /* Debug */ = {
			isa = XCBuildConfiguration;
			buildSettings = {
				ASSETCATALOG_COMPILER_APPICON_NAME = AppIcon;
				CODE_SIGN_STYLE = Automatic;
				INFOPLIST_FILE = TabBar/Info.plist;
				LD_RUNPATH_SEARCH_PATHS = (
					"$(inherited)",
					"@executable_path/Frameworks",
				);
				PRODUCT_BUNDLE_IDENTIFIER = Cs423.TabBar;
				PRODUCT_NAME = "$(TARGET_NAME)";
				SWIFT_VERSION = 4.2;
				TARGETED_DEVICE_FAMILY = "1,2";
			};
			name = Debug;
		};
		A514641222486B3B007DBFF1 /* Release */ = {
			isa = XCBuildConfiguration;
			buildSettings = {
				ASSETCATALOG_COMPILER_APPICON_NAME = AppIcon;
				CODE_SIGN_STYLE = Automatic;
				INFOPLIST_FILE = TabBar/Info.plist;
				LD_RUNPATH_SEARCH_PATHS = (
					"$(inherited)",
					"@executable_path/Frameworks",
				);
				PRODUCT_BUNDLE_IDENTIFIER = Cs423.TabBar;
				PRODUCT_NAME = "$(TARGET_NAME)";
				SWIFT_VERSION = 4.2;
				TARGETED_DEVICE_FAMILY = "1,2";
			};
			name = Release;
		};
		A514641422486B3B007DBFF1 /* Debug */ = {
			isa = XCBuildConfiguration;
			buildSettings = {
				ALWAYS_EMBED_SWIFT_STANDARD_LIBRARIES = YES;
				BUNDLE_LOADER = "$(TEST_HOST)";
				CODE_SIGN_STYLE = Automatic;
				INFOPLIST_FILE = TabBarTests/Info.plist;
				LD_RUNPATH_SEARCH_PATHS = (
					"$(inherited)",
					"@executable_path/Frameworks",
					"@loader_path/Frameworks",
				);
				PRODUCT_BUNDLE_IDENTIFIER = Cs423.TabBarTests;
				PRODUCT_NAME = "$(TARGET_NAME)";
				SWIFT_VERSION = 4.2;
				TARGETED_DEVICE_FAMILY = "1,2";
				TEST_HOST = "$(BUILT_PRODUCTS_DIR)/TabBar.app/TabBar";
			};
			name = Debug;
		};
		A514641522486B3B007DBFF1 /* Release */ = {
			isa = XCBuildConfiguration;
			buildSettings = {
				ALWAYS_EMBED_SWIFT_STANDARD_LIBRARIES = YES;
				BUNDLE_LOADER = "$(TEST_HOST)";
				CODE_SIGN_STYLE = Automatic;
				INFOPLIST_FILE = TabBarTests/Info.plist;
				LD_RUNPATH_SEARCH_PATHS = (
					"$(inherited)",
					"@executable_path/Frameworks",
					"@loader_path/Frameworks",
				);
				PRODUCT_BUNDLE_IDENTIFIER = Cs423.TabBarTests;
				PRODUCT_NAME = "$(TARGET_NAME)";
				SWIFT_VERSION = 4.2;
				TARGETED_DEVICE_FAMILY = "1,2";
				TEST_HOST = "$(BUILT_PRODUCTS_DIR)/TabBar.app/TabBar";
			};
			name = Release;
		};
		A514641722486B3B007DBFF1 /* Debug */ = {
			isa = XCBuildConfiguration;
			buildSettings = {
				ALWAYS_EMBED_SWIFT_STANDARD_LIBRARIES = YES;
				CODE_SIGN_STYLE = Automatic;
				INFOPLIST_FILE = TabBarUITests/Info.plist;
				LD_RUNPATH_SEARCH_PATHS = (
					"$(inherited)",
					"@executable_path/Frameworks",
					"@loader_path/Frameworks",
				);
				PRODUCT_BUNDLE_IDENTIFIER = Cs423.TabBarUITests;
				PRODUCT_NAME = "$(TARGET_NAME)";
				SWIFT_VERSION = 4.2;
				TARGETED_DEVICE_FAMILY = "1,2";
				TEST_TARGET_NAME = TabBar;
			};
			name = Debug;
		};
		A514641822486B3B007DBFF1 /* Release */ = {
			isa = XCBuildConfiguration;
			buildSettings = {
				ALWAYS_EMBED_SWIFT_STANDARD_LIBRARIES = YES;
				CODE_SIGN_STYLE = Automatic;
				INFOPLIST_FILE = TabBarUITests/Info.plist;
				LD_RUNPATH_SEARCH_PATHS = (
					"$(inherited)",
					"@executable_path/Frameworks",
					"@loader_path/Frameworks",
				);
				PRODUCT_BUNDLE_IDENTIFIER = Cs423.TabBarUITests;
				PRODUCT_NAME = "$(TARGET_NAME)";
				SWIFT_VERSION = 4.2;
				TARGETED_DEVICE_FAMILY = "1,2";
				TEST_TARGET_NAME = TabBar;
			};
			name = Release;
		};
/* End XCBuildConfiguration section */

/* Begin XCConfigurationList section */
		A51463E322486B3A007DBFF1 /* Build configuration list for PBXProject "TabBar" */ = {
			isa = XCConfigurationList;
			buildConfigurations = (
				A514640E22486B3B007DBFF1 /* Debug */,
				A514640F22486B3B007DBFF1 /* Release */,
			);
			defaultConfigurationIsVisible = 0;
			defaultConfigurationName = Release;
		};
		A514641022486B3B007DBFF1 /* Build configuration list for PBXNativeTarget "TabBar" */ = {
			isa = XCConfigurationList;
			buildConfigurations = (
				A514641122486B3B007DBFF1 /* Debug */,
				A514641222486B3B007DBFF1 /* Release */,
			);
			defaultConfigurationIsVisible = 0;
			defaultConfigurationName = Release;
		};
		A514641322486B3B007DBFF1 /* Build configuration list for PBXNativeTarget "TabBarTests" */ = {
			isa = XCConfigurationList;
			buildConfigurations = (
				A514641422486B3B007DBFF1 /* Debug */,
				A514641522486B3B007DBFF1 /* Release */,
			);
			defaultConfigurationIsVisible = 0;
			defaultConfigurationName = Release;
		};
		A514641622486B3B007DBFF1 /* Build configuration list for PBXNativeTarget "TabBarUITests" */ = {
			isa = XCConfigurationList;
			buildConfigurations = (
				A514641722486B3B007DBFF1 /* Debug */,
				A514641822486B3B007DBFF1 /* Release */,
			);
			defaultConfigurationIsVisible = 0;
			defaultConfigurationName = Release;
		};
/* End XCConfigurationList section */
	};
	rootObject = A51463E022486B3A007DBFF1 /* Project object */;
}
